
Microsoft Visual Studio Solution File, Format Version 12.00
# Visual Studio Version 17
VisualStudioVersion = 17.6.33717.318
MinimumVisualStudioVersion = 10.0.40219.1
Project("{FAE04EC0-301F-11D3-BF4B-00C04F79EFBC}") = "AddressBookSystem", "AddressBookSystem\AddressBookSystem.csproj", "{DF1EA697-21FC-4A33-9F3B-DCC10B58DE6C}"
EndProject
Global
	GlobalSection(SolutionConfigurationPlatforms) = preSolution
		Debug|Any CPU = Debug|Any CPU
		Release|Any CPU = Release|Any CPU
	EndGlobalSection
	GlobalSection(ProjectConfigurationPlatforms) = postSolution
		{DF1EA697-21FC-4A33-9F3B-DCC10B58DE6C}.Debug|Any CPU.ActiveCfg = Debug|Any CPU
		{DF1EA697-21FC-4A33-9F3B-DCC10B58DE6C}.Debug|Any CPU.Build.0 = Debug|Any CPU
		{DF1EA697-21FC-4A33-9F3B-DCC10B58DE6C}.Release|Any CPU.ActiveCfg = Release|Any CPU
		{DF1EA697-21FC-4A33-9F3B-DCC10B58DE6C}.Release|Any CPU.Build.0 = Release|Any CPU
	EndGlobalSection
	GlobalSection(SolutionProperties) = preSolution
		HideSolutionNode = FALSE
	EndGlobalSection
	GlobalSection(ExtensibilityGlobals) = postSolution
		SolutionGuid = {00418DCD-9F47-4B90-9FAE-84F84E50315A}
	EndGlobalSection
EndGlobal
